
Microsoft Visual Studio Solution File, Format Version 12.00
# Visual Studio Version 16
VisualStudioVersion = 16.0.29613.14
MinimumVisualStudioVersion = 10.0.40219.1
Project("{9A19103F-16F7-4668-BE54-9A1E7A4F7556}") = "Timers", "Timers.csproj", "{370CBD49-8CBB-4A6E-A371-3755E09EBF16}"
EndProject
Global
	GlobalSection(SolutionConfigurationPlatforms) = preSolution
		Debug|Any CPU = Debug|Any CPU
		Release|Any CPU = Release|Any CPU
	EndGlobalSection
	GlobalSection(ProjectConfigurationPlatforms) = postSolution
		{370CBD49-8CBB-4A6E-A371-3755E09EBF16}.Debug|Any CPU.ActiveCfg = Debug|Any CPU
		{370CBD49-8CBB-4A6E-A371-3755E09EBF16}.Debug|Any CPU.Build.0 = Debug|Any CPU
		{370CBD49-8CBB-4A6E-A371-3755E09EBF16}.Release|Any CPU.ActiveCfg = Release|Any CPU
		{370CBD49-8CBB-4A6E-A371-3755E09EBF16}.Release|Any CPU.Build.0 = Release|Any CPU
	EndGlobalSection
	GlobalSection(SolutionProperties) = preSolution
		HideSolutionNode = FALSE
	EndGlobalSection
	GlobalSection(ExtensibilityGlobals) = postSolution
		SolutionGuid = {11FB49D3-BB9D-4591-99D1-89E9BC9C8BCB}
	EndGlobalSection
EndGlobal
