
Microsoft Visual Studio Solution File, Format Version 12.00
# Visual Studio Version 16
VisualStudioVersion = 16.0.30011.22
MinimumVisualStudioVersion = 10.0.40219.1
Project("{9A19103F-16F7-4668-BE54-9A1E7A4F7556}") = "BoundedBuffer", "BoundedBuffer.csproj", "{3DC1B03D-64FA-4C68-A6ED-C97B052F42D2}"
EndProject
Global
	GlobalSection(SolutionConfigurationPlatforms) = preSolution
		Debug|Any CPU = Debug|Any CPU
		Release|Any CPU = Release|Any CPU
	EndGlobalSection
	GlobalSection(ProjectConfigurationPlatforms) = postSolution
		{3DC1B03D-64FA-4C68-A6ED-C97B052F42D2}.Debug|Any CPU.ActiveCfg = Debug|Any CPU
		{3DC1B03D-64FA-4C68-A6ED-C97B052F42D2}.Debug|Any CPU.Build.0 = Debug|Any CPU
		{3DC1B03D-64FA-4C68-A6ED-C97B052F42D2}.Release|Any CPU.ActiveCfg = Release|Any CPU
		{3DC1B03D-64FA-4C68-A6ED-C97B052F42D2}.Release|Any CPU.Build.0 = Release|Any CPU
	EndGlobalSection
	GlobalSection(SolutionProperties) = preSolution
		HideSolutionNode = FALSE
	EndGlobalSection
	GlobalSection(ExtensibilityGlobals) = postSolution
		SolutionGuid = {1A689663-5B26-4A43-A345-87184B3FD04A}
	EndGlobalSection
EndGlobal
