
Microsoft Visual Studio Solution File, Format Version 12.00
# Visual Studio Version 16
VisualStudioVersion = 16.0.28803.156
MinimumVisualStudioVersion = 10.0.40219.1
Project("{2150E333-8FDC-42A3-9474-1A3956D46DE8}") = "Build", "Build", "{458F6344-4ADE-475F-8A31-4DF3D01CF364}"
	ProjectSection(SolutionItems) = preProject
		Framework\build.props = Framework\build.props
	EndProjectSection
EndProject
Project("{2150E333-8FDC-42A3-9474-1A3956D46DE8}") = "Samples", "Samples", "{9E10ABE5-82B5-4766-B182-C39D7A119932}"
EndProject
Project("{9A19103F-16F7-4668-BE54-9A1E7A4F7556}") = "BoundedAsync", "BoundedAsync\BoundedAsync.csproj", "{FE7DA18C-6C12-4AB1-B7DB-A1BFC70BAF53}"
EndProject
Project("{9A19103F-16F7-4668-BE54-9A1E7A4F7556}") = "CacheCoherence", "CacheCoherence\CacheCoherence.csproj", "{992A12D9-ED54-4E35-9F85-625AC52871BB}"
EndProject
Project("{9A19103F-16F7-4668-BE54-9A1E7A4F7556}") = "ChainReplication", "ChainReplication\ChainReplication.csproj", "{7FC289D0-6F43-4B28-BDB0-F62324F20C66}"
EndProject
Project("{9A19103F-16F7-4668-BE54-9A1E7A4F7556}") = "Chord", "Chord\Chord.csproj", "{BE163F13-68F2-4D68-8495-64A15D82E04F}"
EndProject
Project("{9A19103F-16F7-4668-BE54-9A1E7A4F7556}") = "FailureDetector", "FailureDetector\FailureDetector.csproj", "{D69239E1-0561-423C-AF55-18327663B2EF}"
EndProject
Project("{9A19103F-16F7-4668-BE54-9A1E7A4F7556}") = "MultiPaxos", "MultiPaxos\MultiPaxos.csproj", "{7050AE0E-766C-48EE-87AA-F9702D3EDF9B}"
EndProject
Project("{9A19103F-16F7-4668-BE54-9A1E7A4F7556}") = "PingPong", "PingPong\PingPong.csproj", "{8A0851AE-82B9-4080-94D1-0BB3B1845E08}"
EndProject
Project("{9A19103F-16F7-4668-BE54-9A1E7A4F7556}") = "PingPong.AsyncAwait", "PingPong.AsyncAwait\PingPong.AsyncAwait.csproj", "{29697CDE-AB69-4E46-AE91-82FF74BF5B7D}"
EndProject
Project("{9A19103F-16F7-4668-BE54-9A1E7A4F7556}") = "Raft", "Raft\Raft.csproj", "{DA166003-4DD7-48BE-8406-57C067BE05D9}"
EndProject
Project("{9A19103F-16F7-4668-BE54-9A1E7A4F7556}") = "ReplicatingStorage", "ReplicatingStorage\ReplicatingStorage.csproj", "{B0587C8E-1E77-4F71-B39E-758A66D56A90}"
EndProject
Project("{9A19103F-16F7-4668-BE54-9A1E7A4F7556}") = "SendAndReceive", "SendAndReceive\SendAndReceive.csproj", "{5B0DD4C2-D7A7-4EB4-B689-472E2C7C2D8E}"
EndProject
Project("{9A19103F-16F7-4668-BE54-9A1E7A4F7556}") = "Timers", "Timers\Timers.csproj", "{023F0601-3196-452D-9831-15084F4475A5}"
EndProject
Project("{9A19103F-16F7-4668-BE54-9A1E7A4F7556}") = "TwoPhaseCommit", "TwoPhaseCommit\TwoPhaseCommit.csproj", "{B503F549-A8E1-48D6-BDBD-BFC0EB9B9650}"
EndProject
Global
	GlobalSection(SolutionConfigurationPlatforms) = preSolution
		Debug|Any CPU = Debug|Any CPU
		Release|Any CPU = Release|Any CPU
	EndGlobalSection
	GlobalSection(ProjectConfigurationPlatforms) = postSolution
		{FE7DA18C-6C12-4AB1-B7DB-A1BFC70BAF53}.Debug|Any CPU.ActiveCfg = Debug|Any CPU
		{FE7DA18C-6C12-4AB1-B7DB-A1BFC70BAF53}.Debug|Any CPU.Build.0 = Debug|Any CPU
		{FE7DA18C-6C12-4AB1-B7DB-A1BFC70BAF53}.Release|Any CPU.ActiveCfg = Release|Any CPU
		{FE7DA18C-6C12-4AB1-B7DB-A1BFC70BAF53}.Release|Any CPU.Build.0 = Release|Any CPU
		{992A12D9-ED54-4E35-9F85-625AC52871BB}.Debug|Any CPU.ActiveCfg = Debug|Any CPU
		{992A12D9-ED54-4E35-9F85-625AC52871BB}.Debug|Any CPU.Build.0 = Debug|Any CPU
		{992A12D9-ED54-4E35-9F85-625AC52871BB}.Release|Any CPU.ActiveCfg = Release|Any CPU
		{992A12D9-ED54-4E35-9F85-625AC52871BB}.Release|Any CPU.Build.0 = Release|Any CPU
		{7FC289D0-6F43-4B28-BDB0-F62324F20C66}.Debug|Any CPU.ActiveCfg = Debug|Any CPU
		{7FC289D0-6F43-4B28-BDB0-F62324F20C66}.Debug|Any CPU.Build.0 = Debug|Any CPU
		{7FC289D0-6F43-4B28-BDB0-F62324F20C66}.Release|Any CPU.ActiveCfg = Release|Any CPU
		{7FC289D0-6F43-4B28-BDB0-F62324F20C66}.Release|Any CPU.Build.0 = Release|Any CPU
		{BE163F13-68F2-4D68-8495-64A15D82E04F}.Debug|Any CPU.ActiveCfg = Debug|Any CPU
		{BE163F13-68F2-4D68-8495-64A15D82E04F}.Debug|Any CPU.Build.0 = Debug|Any CPU
		{BE163F13-68F2-4D68-8495-64A15D82E04F}.Release|Any CPU.ActiveCfg = Release|Any CPU
		{BE163F13-68F2-4D68-8495-64A15D82E04F}.Release|Any CPU.Build.0 = Release|Any CPU
		{D69239E1-0561-423C-AF55-18327663B2EF}.Debug|Any CPU.ActiveCfg = Debug|Any CPU
		{D69239E1-0561-423C-AF55-18327663B2EF}.Debug|Any CPU.Build.0 = Debug|Any CPU
		{D69239E1-0561-423C-AF55-18327663B2EF}.Release|Any CPU.ActiveCfg = Release|Any CPU
		{D69239E1-0561-423C-AF55-18327663B2EF}.Release|Any CPU.Build.0 = Release|Any CPU
		{7050AE0E-766C-48EE-87AA-F9702D3EDF9B}.Debug|Any CPU.ActiveCfg = Debug|Any CPU
		{7050AE0E-766C-48EE-87AA-F9702D3EDF9B}.Debug|Any CPU.Build.0 = Debug|Any CPU
		{7050AE0E-766C-48EE-87AA-F9702D3EDF9B}.Release|Any CPU.ActiveCfg = Release|Any CPU
		{7050AE0E-766C-48EE-87AA-F9702D3EDF9B}.Release|Any CPU.Build.0 = Release|Any CPU
		{8A0851AE-82B9-4080-94D1-0BB3B1845E08}.Debug|Any CPU.ActiveCfg = Debug|Any CPU
		{8A0851AE-82B9-4080-94D1-0BB3B1845E08}.Debug|Any CPU.Build.0 = Debug|Any CPU
		{8A0851AE-82B9-4080-94D1-0BB3B1845E08}.Release|Any CPU.ActiveCfg = Release|Any CPU
		{8A0851AE-82B9-4080-94D1-0BB3B1845E08}.Release|Any CPU.Build.0 = Release|Any CPU
		{29697CDE-AB69-4E46-AE91-82FF74BF5B7D}.Debug|Any CPU.ActiveCfg = Debug|Any CPU
		{29697CDE-AB69-4E46-AE91-82FF74BF5B7D}.Debug|Any CPU.Build.0 = Debug|Any CPU
		{29697CDE-AB69-4E46-AE91-82FF74BF5B7D}.Release|Any CPU.ActiveCfg = Release|Any CPU
		{29697CDE-AB69-4E46-AE91-82FF74BF5B7D}.Release|Any CPU.Build.0 = Release|Any CPU
		{DA166003-4DD7-48BE-8406-57C067BE05D9}.Debug|Any CPU.ActiveCfg = Debug|Any CPU
		{DA166003-4DD7-48BE-8406-57C067BE05D9}.Debug|Any CPU.Build.0 = Debug|Any CPU
		{DA166003-4DD7-48BE-8406-57C067BE05D9}.Release|Any CPU.ActiveCfg = Release|Any CPU
		{DA166003-4DD7-48BE-8406-57C067BE05D9}.Release|Any CPU.Build.0 = Release|Any CPU
		{B0587C8E-1E77-4F71-B39E-758A66D56A90}.Debug|Any CPU.ActiveCfg = Debug|Any CPU
		{B0587C8E-1E77-4F71-B39E-758A66D56A90}.Debug|Any CPU.Build.0 = Debug|Any CPU
		{B0587C8E-1E77-4F71-B39E-758A66D56A90}.Release|Any CPU.ActiveCfg = Release|Any CPU
		{B0587C8E-1E77-4F71-B39E-758A66D56A90}.Release|Any CPU.Build.0 = Release|Any CPU
		{5B0DD4C2-D7A7-4EB4-B689-472E2C7C2D8E}.Debug|Any CPU.ActiveCfg = Debug|Any CPU
		{5B0DD4C2-D7A7-4EB4-B689-472E2C7C2D8E}.Debug|Any CPU.Build.0 = Debug|Any CPU
		{5B0DD4C2-D7A7-4EB4-B689-472E2C7C2D8E}.Release|Any CPU.ActiveCfg = Release|Any CPU
		{5B0DD4C2-D7A7-4EB4-B689-472E2C7C2D8E}.Release|Any CPU.Build.0 = Release|Any CPU
		{023F0601-3196-452D-9831-15084F4475A5}.Debug|Any CPU.ActiveCfg = Debug|Any CPU
		{023F0601-3196-452D-9831-15084F4475A5}.Debug|Any CPU.Build.0 = Debug|Any CPU
		{023F0601-3196-452D-9831-15084F4475A5}.Release|Any CPU.ActiveCfg = Release|Any CPU
		{023F0601-3196-452D-9831-15084F4475A5}.Release|Any CPU.Build.0 = Release|Any CPU
		{B503F549-A8E1-48D6-BDBD-BFC0EB9B9650}.Debug|Any CPU.ActiveCfg = Debug|Any CPU
		{B503F549-A8E1-48D6-BDBD-BFC0EB9B9650}.Debug|Any CPU.Build.0 = Debug|Any CPU
		{B503F549-A8E1-48D6-BDBD-BFC0EB9B9650}.Release|Any CPU.ActiveCfg = Release|Any CPU
		{B503F549-A8E1-48D6-BDBD-BFC0EB9B9650}.Release|Any CPU.Build.0 = Release|Any CPU
	EndGlobalSection
	GlobalSection(SolutionProperties) = preSolution
		HideSolutionNode = FALSE
	EndGlobalSection
	GlobalSection(NestedProjects) = preSolution
		{FE7DA18C-6C12-4AB1-B7DB-A1BFC70BAF53} = {9E10ABE5-82B5-4766-B182-C39D7A119932}
		{992A12D9-ED54-4E35-9F85-625AC52871BB} = {9E10ABE5-82B5-4766-B182-C39D7A119932}
		{7FC289D0-6F43-4B28-BDB0-F62324F20C66} = {9E10ABE5-82B5-4766-B182-C39D7A119932}
		{BE163F13-68F2-4D68-8495-64A15D82E04F} = {9E10ABE5-82B5-4766-B182-C39D7A119932}
		{D69239E1-0561-423C-AF55-18327663B2EF} = {9E10ABE5-82B5-4766-B182-C39D7A119932}
		{7050AE0E-766C-48EE-87AA-F9702D3EDF9B} = {9E10ABE5-82B5-4766-B182-C39D7A119932}
		{8A0851AE-82B9-4080-94D1-0BB3B1845E08} = {9E10ABE5-82B5-4766-B182-C39D7A119932}
		{29697CDE-AB69-4E46-AE91-82FF74BF5B7D} = {9E10ABE5-82B5-4766-B182-C39D7A119932}
		{DA166003-4DD7-48BE-8406-57C067BE05D9} = {9E10ABE5-82B5-4766-B182-C39D7A119932}
		{B0587C8E-1E77-4F71-B39E-758A66D56A90} = {9E10ABE5-82B5-4766-B182-C39D7A119932}
		{5B0DD4C2-D7A7-4EB4-B689-472E2C7C2D8E} = {9E10ABE5-82B5-4766-B182-C39D7A119932}
		{023F0601-3196-452D-9831-15084F4475A5} = {9E10ABE5-82B5-4766-B182-C39D7A119932}
		{B503F549-A8E1-48D6-BDBD-BFC0EB9B9650} = {9E10ABE5-82B5-4766-B182-C39D7A119932}
	EndGlobalSection
	GlobalSection(ExtensibilityGlobals) = postSolution
		SolutionGuid = {B9407046-CB24-4B07-8031-2749696EC7D8}
	EndGlobalSection
EndGlobal
