
Microsoft Visual Studio Solution File, Format Version 12.00
# Visual Studio Version 16
VisualStudioVersion = 16.0.31205.134
MinimumVisualStudioVersion = 10.0.40219.1
Project("{9A19103F-16F7-4668-BE54-9A1E7A4F7556}") = "PetImages", "PetImages\PetImages.csproj", "{A52E81FA-B092-4861-8C71-449512107BF8}"
EndProject
Project("{9A19103F-16F7-4668-BE54-9A1E7A4F7556}") = "PetImages.Tests", "PetImages.Tests\PetImages.Tests.csproj", "{6AD9BE9B-59A0-45C3-9745-3EA27513BEB9}"
EndProject
Global
	GlobalSection(SolutionConfigurationPlatforms) = preSolution
		Debug|Any CPU = Debug|Any CPU
		Release|Any CPU = Release|Any CPU
	EndGlobalSection
	GlobalSection(ProjectConfigurationPlatforms) = postSolution
		{A52E81FA-B092-4861-8C71-449512107BF8}.Debug|Any CPU.ActiveCfg = Debug|Any CPU
		{A52E81FA-B092-4861-8C71-449512107BF8}.Debug|Any CPU.Build.0 = Debug|Any CPU
		{A52E81FA-B092-4861-8C71-449512107BF8}.Release|Any CPU.ActiveCfg = Release|Any CPU
		{A52E81FA-B092-4861-8C71-449512107BF8}.Release|Any CPU.Build.0 = Release|Any CPU
		{6AD9BE9B-59A0-45C3-9745-3EA27513BEB9}.Debug|Any CPU.ActiveCfg = Debug|Any CPU
		{6AD9BE9B-59A0-45C3-9745-3EA27513BEB9}.Debug|Any CPU.Build.0 = Debug|Any CPU
		{6AD9BE9B-59A0-45C3-9745-3EA27513BEB9}.Release|Any CPU.ActiveCfg = Release|Any CPU
		{6AD9BE9B-59A0-45C3-9745-3EA27513BEB9}.Release|Any CPU.Build.0 = Release|Any CPU
	EndGlobalSection
	GlobalSection(SolutionProperties) = preSolution
		HideSolutionNode = FALSE
	EndGlobalSection
	GlobalSection(ExtensibilityGlobals) = postSolution
		SolutionGuid = {2D6A0085-B8D5-4957-9341-FC62ED194B00}
	EndGlobalSection
EndGlobal
